
Microsoft Visual Studio Solution File, Format Version 12.00
# Visual Studio Version 17
VisualStudioVersion = 17.1.32319.34
MinimumVisualStudioVersion = 10.0.40219.1
Project("{FAE04EC0-301F-11D3-BF4B-00C04F79EFBC}") = "Net.MemberAPI", "Net.MemberAPI\Net.MemberAPI.csproj", "{769995DC-B8DB-4C66-B015-6B42AE7B9C97}"
EndProject
Global
	GlobalSection(SolutionConfigurationPlatforms) = preSolution
		Debug|Any CPU = Debug|Any CPU
		Release|Any CPU = Release|Any CPU
	EndGlobalSection
	GlobalSection(ProjectConfigurationPlatforms) = postSolution
		{769995DC-B8DB-4C66-B015-6B42AE7B9C97}.Debug|Any CPU.ActiveCfg = Debug|Any CPU
		{769995DC-B8DB-4C66-B015-6B42AE7B9C97}.Debug|Any CPU.Build.0 = Debug|Any CPU
		{769995DC-B8DB-4C66-B015-6B42AE7B9C97}.Release|Any CPU.ActiveCfg = Release|Any CPU
		{769995DC-B8DB-4C66-B015-6B42AE7B9C97}.Release|Any CPU.Build.0 = Release|Any CPU
	EndGlobalSection
	GlobalSection(SolutionProperties) = preSolution
		HideSolutionNode = FALSE
	EndGlobalSection
	GlobalSection(ExtensibilityGlobals) = postSolution
		SolutionGuid = {AE066051-2506-47BD-B5DE-D3CDC69EDFF0}
	EndGlobalSection
EndGlobal
